// !$*UTF8*$!
{
	archiveVersion = 1;
	classes = {
	};
	objectVersion = 50;
	objects = {

/* Begin PBXBuildFile section */
		5D57E747253EA51300C3AD26 /* WebViewTestSwiftUIApp.swift in Sources */ = {isa = PBXBuildFile; fileRef = 5D57E746253EA51300C3AD26 /* WebViewTestSwiftUIApp.swift */; };
		5D57E749253EA51300C3AD26 /* ContentView.swift in Sources */ = {isa = PBXBuildFile; fileRef = 5D57E748253EA51300C3AD26 /* ContentView.swift */; };
		5D57E74B253EA51400C3AD26 /* Assets.xcassets in Resources */ = {isa = PBXBuildFile; fileRef = 5D57E74A253EA51400C3AD26 /* Assets.xcassets */; };
		5D57E74E253EA51400C3AD26 /* Preview Assets.xcassets in Resources */ = {isa = PBXBuildFile; fileRef = 5D57E74D253EA51400C3AD26 /* Preview Assets.xcassets */; };
		98B6D9A7E13BCAFEF3B84719 /* WKWebViewControllerView.swift in Sources */ = {isa = PBXBuildFile; fileRef = 98B6D3D0F59802B8EFDD653D /* WKWebViewControllerView.swift */; };
		98B6DE9A6B1A01D3F1345B3C /* OldWebView.swift in Sources */ = {isa = PBXBuildFile; fileRef = 98B6D416FFCC38BF8ED29D8B /* OldWebView.swift */; };
/* End PBXBuildFile section */

/* Begin PBXFileReference section */
		5D57E743253EA51300C3AD26 /* WebViewTestSwiftUI.app */ = {isa = PBXFileReference; explicitFileType = wrapper.application; includeInIndex = 0; path = WebViewTestSwiftUI.app; sourceTree = BUILT_PRODUCTS_DIR; };
		5D57E746253EA51300C3AD26 /* WebViewTestSwiftUIApp.swift */ = {isa = PBXFileReference; lastKnownFileType = sourcecode.swift; path = WebViewTestSwiftUIApp.swift; sourceTree = "<group>"; };
		5D57E748253EA51300C3AD26 /* ContentView.swift */ = {isa = PBXFileReference; lastKnownFileType = sourcecode.swift; path = ContentView.swift; sourceTree = "<group>"; };
		5D57E74A253EA51400C3AD26 /* Assets.xcassets */ = {isa = PBXFileReference; lastKnownFileType = folder.assetcatalog; path = Assets.xcassets; sourceTree = "<group>"; };
		5D57E74D253EA51400C3AD26 /* Preview Assets.xcassets */ = {isa = PBXFileReference; lastKnownFileType = folder.assetcatalog; path = "Preview Assets.xcassets"; sourceTree = "<group>"; };
		5D57E74F253EA51400C3AD26 /* Info.plist */ = {isa = PBXFileReference; lastKnownFileType = text.plist.xml; path = Info.plist; sourceTree = "<group>"; };
		98B6D3D0F59802B8EFDD653D /* WKWebViewControllerView.swift */ = {isa = PBXFileReference; fileEncoding = 4; lastKnownFileType = sourcecode.swift; path = WKWebViewControllerView.swift; sourceTree = "<group>"; };
		98B6D416FFCC38BF8ED29D8B /* OldWebView.swift */ = {isa = PBXFileReference; fileEncoding = 4; lastKnownFileType = sourcecode.swift; path = OldWebView.swift; sourceTree = "<group>"; };
/* End PBXFileReference section */

/* Begin PBXFrameworksBuildPhase section */
		5D57E740253EA51300C3AD26 /* Frameworks */ = {
			isa = PBXFrameworksBuildPhase;
			buildActionMask = 2147483647;
			files = (
			);
			runOnlyForDeploymentPostprocessing = 0;
		};
/* End PBXFrameworksBuildPhase section */

/* Begin PBXGroup section */
		5D57E73A253EA51300C3AD26 = {
			isa = PBXGroup;
			children = (
				5D57E745253EA51300C3AD26 /* WebViewTestSwiftUI */,
				5D57E744253EA51300C3AD26 /* Products */,
			);
			sourceTree = "<group>";
		};
		5D57E744253EA51300C3AD26 /* Products */ = {
			isa = PBXGroup;
			children = (
				5D57E743253EA51300C3AD26 /* WebViewTestSwiftUI.app */,
			);
			name = Products;
			sourceTree = "<group>";
		};
		5D57E745253EA51300C3AD26 /* WebViewTestSwiftUI */ = {
			isa = PBXGroup;
			children = (
				5D57E746253EA51300C3AD26 /* WebViewTestSwiftUIApp.swift */,
				5D57E748253EA51300C3AD26 /* ContentView.swift */,
				5D57E74A253EA51400C3AD26 /* Assets.xcassets */,
				5D57E74F253EA51400C3AD26 /* Info.plist */,
				5D57E74C253EA51400C3AD26 /* Preview Content */,
				98B6D416FFCC38BF8ED29D8B /* OldWebView.swift */,
				98B6D3D0F59802B8EFDD653D /* WKWebViewControllerView.swift */,
			);
			path = WebViewTestSwiftUI;
			sourceTree = "<group>";
		};
		5D57E74C253EA51400C3AD26 /* Preview Content */ = {
			isa = PBXGroup;
			children = (
				5D57E74D253EA51400C3AD26 /* Preview Assets.xcassets */,
			);
			path = "Preview Content";
			sourceTree = "<group>";
		};
/* End PBXGroup section */

/* Begin PBXNativeTarget section */
		5D57E742253EA51300C3AD26 /* WebViewTestSwiftUI */ = {
			isa = PBXNativeTarget;
			buildConfigurationList = 5D57E752253EA51400C3AD26 /* Build configuration list for PBXNativeTarget "WebViewTestSwiftUI" */;
			buildPhases = (
				5D57E73F253EA51300C3AD26 /* Sources */,
				5D57E740253EA51300C3AD26 /* Frameworks */,
				5D57E741253EA51300C3AD26 /* Resources */,
			);
			buildRules = (
			);
			dependencies = (
			);
			name = WebViewTestSwiftUI;
			productName = WebViewTestSwiftUI;
			productReference = 5D57E743253EA51300C3AD26 /* WebViewTestSwiftUI.app */;
			productType = "com.apple.product-type.application";
		};
/* End PBXNativeTarget section */

/* Begin PBXProject section */
		5D57E73B253EA51300C3AD26 /* Project object */ = {
			isa = PBXProject;
			attributes = {
				LastSwiftUpdateCheck = 1200;
				LastUpgradeCheck = 1200;
				TargetAttributes = {
					5D57E742253EA51300C3AD26 = {
						CreatedOnToolsVersion = 12.0.1;
					};
				};
			};
			buildConfigurationList = 5D57E73E253EA51300C3AD26 /* Build configuration list for PBXProject "WebViewTestSwiftUI" */;
			compatibilityVersion = "Xcode 9.3";
			developmentRegion = en;
			hasScannedForEncodings = 0;
			knownRegions = (
				en,
				Base,
			);
			mainGroup = 5D57E73A253EA51300C3AD26;
			productRefGroup = 5D57E744253EA51300C3AD26 /* Products */;
			projectDirPath = "";
			projectRoot = "";
			targets = (
				5D57E742253EA51300C3AD26 /* WebViewTestSwiftUI */,
			);
		};
/* End PBXProject section */

/* Begin PBXResourcesBuildPhase section */
		5D57E741253EA51300C3AD26 /* Resources */ = {
			isa = PBXResourcesBuildPhase;
			buildActionMask = 2147483647;
			files = (
				5D57E74E253EA51400C3AD26 /* Preview Assets.xcassets in Resources */,
				5D57E74B253EA51400C3AD26 /* Assets.xcassets in Resources */,
			);
			runOnlyForDeploymentPostprocessing = 0;
		};
/* End PBXResourcesBuildPhase section */

/* Begin PBXSourcesBuildPhase section */
		5D57E73F253EA51300C3AD26 /* Sources */ = {
			isa = PBXSourcesBuildPhase;
			buildActionMask = 2147483647;
			files = (
				5D57E749253EA51300C3AD26 /* ContentView.swift in Sources */,
				5D57E747253EA51300C3AD26 /* WebViewTestSwiftUIApp.swift in Sources */,
				98B6DE9A6B1A01D3F1345B3C /* OldWebView.swift in Sources */,
				98B6D9A7E13BCAFEF3B84719 /* WKWebViewControllerView.swift in Sources */,
			);
			runOnlyForDeploymentPostprocessing = 0;
		};
/* End PBXSourcesBuildPhase section */

/* Begin XCBuildConfiguration section */
		5D57E750253EA51400C3AD26 /* Debug */ = {
			isa = XCBuildConfiguration;
			buildSettings = {
				ALWAYS_SEARCH_USER_PATHS = NO;
				CLANG_ANALYZER_NONNULL = YES;
				CLANG_ANALYZER_NUMBER_OBJECT_CONVERSION = YES_AGGRESSIVE;
				CLANG_CXX_LANGUAGE_STANDARD = "gnu++14";
				CLANG_CXX_LIBRARY = "libc++";
				CLANG_ENABLE_MODULES = YES;
				CLANG_ENABLE_OBJC_ARC = YES;
				CLANG_ENABLE_OBJC_WEAK = YES;
				CLANG_WARN_BLOCK_CAPTURE_AUTORELEASING = YES;
				CLANG_WARN_BOOL_CONVERSION = YES;
				CLANG_WARN_COMMA = YES;
				CLANG_WARN_CONSTANT_CONVERSION = YES;
				CLANG_WARN_DEPRECATED_OBJC_IMPLEMENTATIONS = YES;
				CLANG_WARN_DIRECT_OBJC_ISA_USAGE = YES_ERROR;
				CLANG_WARN_DOCUMENTATION_COMMENTS = YES;
				CLANG_WARN_EMPTY_BODY = YES;
				CLANG_WARN_ENUM_CONVERSION = YES;
				CLANG_WARN_INFINITE_RECURSION = YES;
				CLANG_WARN_INT_CONVERSION = YES;
				CLANG_WARN_NON_LITERAL_NULL_CONVERSION = YES;
				CLANG_WARN_OBJC_IMPLICIT_RETAIN_SELF = YES;
				CLANG_WARN_OBJC_LITERAL_CONVERSION = YES;
				CLANG_WARN_OBJC_ROOT_CLASS = YES_ERROR;
				CLANG_WARN_QUOTED_INCLUDE_IN_FRAMEWORK_HEADER = YES;
				CLANG_WARN_RANGE_LOOP_ANALYSIS = YES;
				CLANG_WARN_STRICT_PROTOTYPES = YES;
				CLANG_WARN_SUSPICIOUS_MOVE = YES;
				CLANG_WARN_UNGUARDED_AVAILABILITY = YES_AGGRESSIVE;
				CLANG_WARN_UNREACHABLE_CODE = YES;
				CLANG_WARN__DUPLICATE_METHOD_MATCH = YES;
				COPY_PHASE_STRIP = NO;
				DEBUG_INFORMATION_FORMAT = dwarf;
				ENABLE_STRICT_OBJC_MSGSEND = YES;
				ENABLE_TESTABILITY = YES;
				GCC_C_LANGUAGE_STANDARD = gnu11;
				GCC_DYNAMIC_NO_PIC = NO;
				GCC_NO_COMMON_BLOCKS = YES;
				GCC_OPTIMIZATION_LEVEL = 0;
				GCC_PREPROCESSOR_DEFINITIONS = (
					"DEBUG=1",
					"$(inherited)",
				);
				GCC_WARN_64_TO_32_BIT_CONVERSION = YES;
				GCC_WARN_ABOUT_RETURN_TYPE = YES_ERROR;
				GCC_WARN_UNDECLARED_SELECTOR = YES;
				GCC_WARN_UNINITIALIZED_AUTOS = YES_AGGRESSIVE;
				GCC_WARN_UNUSED_FUNCTION = YES;
				GCC_WARN_UNUSED_VARIABLE = YES;
				IPHONEOS_DEPLOYMENT_TARGET = 14.0;
				MTL_ENABLE_DEBUG_INFO = INCLUDE_SOURCE;
				MTL_FAST_MATH = YES;
				ONLY_ACTIVE_ARCH = YES;
				SDKROOT = iphoneos;
				SWIFT_ACTIVE_COMPILATION_CONDITIONS = DEBUG;
				SWIFT_OPTIMIZATION_LEVEL = "-Onone";
			};
			name = Debug;
		};
		5D57E751253EA51400C3AD26 /* Release */ = {
			isa = XCBuildConfiguration;
			buildSettings = {
				ALWAYS_SEARCH_USER_PATHS = NO;
				CLANG_ANALYZER_NONNULL = YES;
				CLANG_ANALYZER_NUMBER_OBJECT_CONVERSION = YES_AGGRESSIVE;
				CLANG_CXX_LANGUAGE_STANDARD = "gnu++14";
				CLANG_CXX_LIBRARY = "libc++";
				CLANG_ENABLE_MODULES = YES;
				CLANG_ENABLE_OBJC_ARC = YES;
				CLANG_ENABLE_OBJC_WEAK = YES;
				CLANG_WARN_BLOCK_CAPTURE_AUTORELEASING = YES;
				CLANG_WARN_BOOL_CONVERSION = YES;
				CLANG_WARN_COMMA = YES;
				CLANG_WARN_CONSTANT_CONVERSION = YES;
				CLANG_WARN_DEPRECATED_OBJC_IMPLEMENTATIONS = YES;
				CLANG_WARN_DIRECT_OBJC_ISA_USAGE = YES_ERROR;
				CLANG_WARN_DOCUMENTATION_COMMENTS = YES;
				CLANG_WARN_EMPTY_BODY = YES;
				CLANG_WARN_ENUM_CONVERSION = YES;
				CLANG_WARN_INFINITE_RECURSION = YES;
				CLANG_WARN_INT_CONVERSION = YES;
				CLANG_WARN_NON_LITERAL_NULL_CONVERSION = YES;
				CLANG_WARN_OBJC_IMPLICIT_RETAIN_SELF = YES;
				CLANG_WARN_OBJC_LITERAL_CONVERSION = YES;
				CLANG_WARN_OBJC_ROOT_CLASS = YES_ERROR;
				CLANG_WARN_QUOTED_INCLUDE_IN_FRAMEWORK_HEADER = YES;
				CLANG_WARN_RANGE_LOOP_ANALYSIS = YES;
				CLANG_WARN_STRICT_PROTOTYPES = YES;
				CLANG_WARN_SUSPICIOUS_MOVE = YES;
				CLANG_WARN_UNGUARDED_AVAILABILITY = YES_AGGRESSIVE;
				CLANG_WARN_UNREACHABLE_CODE = YES;
				CLANG_WARN__DUPLICATE_METHOD_MATCH = YES;
				COPY_PHASE_STRIP = NO;
				DEBUG_INFORMATION_FORMAT = "dwarf-with-dsym";
				ENABLE_NS_ASSERTIONS = NO;
				ENABLE_STRICT_OBJC_MSGSEND = YES;
				GCC_C_LANGUAGE_STANDARD = gnu11;
				GCC_NO_COMMON_BLOCKS = YES;
				GCC_WARN_64_TO_32_BIT_CONVERSION = YES;
				GCC_WARN_ABOUT_RETURN_TYPE = YES_ERROR;
				GCC_WARN_UNDECLARED_SELECTOR = YES;
				GCC_WARN_UNINITIALIZED_AUTOS = YES_AGGRESSIVE;
				GCC_WARN_UNUSED_FUNCTION = YES;
				GCC_WARN_UNUSED_VARIABLE = YES;
				IPHONEOS_DEPLOYMENT_TARGET = 14.0;
				MTL_ENABLE_DEBUG_INFO = NO;
				MTL_FAST_MATH = YES;
				SDKROOT = iphoneos;
				SWIFT_COMPILATION_MODE = wholemodule;
				SWIFT_OPTIMIZATION_LEVEL = "-O";
				VALIDATE_PRODUCT = YES;
			};
			name = Release;
		};
		5D57E753253EA51400C3AD26 /* Debug */ = {
			isa = XCBuildConfiguration;
			buildSettings = {
				ASSETCATALOG_COMPILER_APPICON_NAME = AppIcon;
				ASSETCATALOG_COMPILER_GLOBAL_ACCENT_COLOR_NAME = AccentColor;
				CODE_SIGN_STYLE = Automatic;
				DEVELOPMENT_ASSET_PATHS = "\"WebViewTestSwiftUI/Preview Content\"";
				ENABLE_PREVIEWS = YES;
				INFOPLIST_FILE = WebViewTestSwiftUI/Info.plist;
				IPHONEOS_DEPLOYMENT_TARGET = 14.0;
				LD_RUNPATH_SEARCH_PATHS = (
					"$(inherited)",
					"@executable_path/Frameworks",
				);
				PRODUCT_BUNDLE_IDENTIFIER = dev.yuxx.WebViewTestSwiftUI;
				PRODUCT_NAME = "$(TARGET_NAME)";
				SWIFT_VERSION = 5.0;
				TARGETED_DEVICE_FAMILY = "1,2";
			};
			name = Debug;
		};
		5D57E754253EA51400C3AD26 /* Release */ = {
			isa = XCBuildConfiguration;
			buildSettings = {
				ASSETCATALOG_COMPILER_APPICON_NAME = AppIcon;
				ASSETCATALOG_COMPILER_GLOBAL_ACCENT_COLOR_NAME = AccentColor;
				CODE_SIGN_STYLE = Automatic;
				DEVELOPMENT_ASSET_PATHS = "\"WebViewTestSwiftUI/Preview Content\"";
				ENABLE_PREVIEWS = YES;
				INFOPLIST_FILE = WebViewTestSwiftUI/Info.plist;
				IPHONEOS_DEPLOYMENT_TARGET = 14.0;
				LD_RUNPATH_SEARCH_PATHS = (
					"$(inherited)",
					"@executable_path/Frameworks",
				);
				PRODUCT_BUNDLE_IDENTIFIER = dev.yuxx.WebViewTestSwiftUI;
				PRODUCT_NAME = "$(TARGET_NAME)";
				SWIFT_VERSION = 5.0;
				TARGETED_DEVICE_FAMILY = "1,2";
			};
			name = Release;
		};
/* End XCBuildConfiguration section */

/* Begin XCConfigurationList section */
		5D57E73E253EA51300C3AD26 /* Build configuration list for PBXProject "WebViewTestSwiftUI" */ = {
			isa = XCConfigurationList;
			buildConfigurations = (
				5D57E750253EA51400C3AD26 /* Debug */,
				5D57E751253EA51400C3AD26 /* Release */,
			);
			defaultConfigurationIsVisible = 0;
			defaultConfigurationName = Release;
		};
		5D57E752253EA51400C3AD26 /* Build configuration list for PBXNativeTarget "WebViewTestSwiftUI" */ = {
			isa = XCConfigurationList;
			buildConfigurations = (
				5D57E753253EA51400C3AD26 /* Debug */,
				5D57E754253EA51400C3AD26 /* Release */,
			);
			defaultConfigurationIsVisible = 0;
			defaultConfigurationName = Release;
		};
/* End XCConfigurationList section */
	};
	rootObject = 5D57E73B253EA51300C3AD26 /* Project object */;
}
